
Microsoft Visual Studio Solution File, Format Version 12.00
# Visual Studio Version 17
VisualStudioVersion = 17.7.34031.279
MinimumVisualStudioVersion = 10.0.40219.1
Project("{FAE04EC0-301F-11D3-BF4B-00C04F79EFBC}") = "andrasWPFMatchingGame", "andrasWPFMatchingGame.csproj", "{227D3C9E-4ED8-429F-A227-D330BF7EB97F}"
EndProject
Global
	GlobalSection(SolutionConfigurationPlatforms) = preSolution
		Debug|Any CPU = Debug|Any CPU
		Release|Any CPU = Release|Any CPU
	EndGlobalSection
	GlobalSection(ProjectConfigurationPlatforms) = postSolution
		{227D3C9E-4ED8-429F-A227-D330BF7EB97F}.Debug|Any CPU.ActiveCfg = Debug|Any CPU
		{227D3C9E-4ED8-429F-A227-D330BF7EB97F}.Debug|Any CPU.Build.0 = Debug|Any CPU
		{227D3C9E-4ED8-429F-A227-D330BF7EB97F}.Release|Any CPU.ActiveCfg = Release|Any CPU
		{227D3C9E-4ED8-429F-A227-D330BF7EB97F}.Release|Any CPU.Build.0 = Release|Any CPU
	EndGlobalSection
	GlobalSection(SolutionProperties) = preSolution
		HideSolutionNode = FALSE
	EndGlobalSection
	GlobalSection(ExtensibilityGlobals) = postSolution
		SolutionGuid = {7B7F973A-382F-42CE-A6BC-949B89A56A07}
	EndGlobalSection
EndGlobal
