
Microsoft Visual Studio Solution File, Format Version 12.00
# Visual Studio Version 17
VisualStudioVersion = 17.7.34031.279
MinimumVisualStudioVersion = 10.0.40219.1
Project("{FAE04EC0-301F-11D3-BF4B-00C04F79EFBC}") = "6ttiAndrasEx3Damiers", "6ttiAndrasEx3Damiers.csproj", "{BC14260B-C388-4363-A212-4CF0D434CDBB}"
EndProject
Global
	GlobalSection(SolutionConfigurationPlatforms) = preSolution
		Debug|Any CPU = Debug|Any CPU
		Release|Any CPU = Release|Any CPU
	EndGlobalSection
	GlobalSection(ProjectConfigurationPlatforms) = postSolution
		{BC14260B-C388-4363-A212-4CF0D434CDBB}.Debug|Any CPU.ActiveCfg = Debug|Any CPU
		{BC14260B-C388-4363-A212-4CF0D434CDBB}.Debug|Any CPU.Build.0 = Debug|Any CPU
		{BC14260B-C388-4363-A212-4CF0D434CDBB}.Release|Any CPU.ActiveCfg = Release|Any CPU
		{BC14260B-C388-4363-A212-4CF0D434CDBB}.Release|Any CPU.Build.0 = Release|Any CPU
	EndGlobalSection
	GlobalSection(SolutionProperties) = preSolution
		HideSolutionNode = FALSE
	EndGlobalSection
	GlobalSection(ExtensibilityGlobals) = postSolution
		SolutionGuid = {1658CA09-F75D-425E-9A90-BC0FEB2C5E47}
	EndGlobalSection
EndGlobal
