
Microsoft Visual Studio Solution File, Format Version 12.00
# Visual Studio Version 17
VisualStudioVersion = 17.7.34031.279
MinimumVisualStudioVersion = 10.0.40219.1
Project("{FAE04EC0-301F-11D3-BF4B-00C04F79EFBC}") = "6ttiAndras_interro2WPF", "6ttiAndras_interro2WPF.csproj", "{56805463-6908-4C17-A97A-D8247A4EF877}"
EndProject
Global
	GlobalSection(SolutionConfigurationPlatforms) = preSolution
		Debug|Any CPU = Debug|Any CPU
		Release|Any CPU = Release|Any CPU
	EndGlobalSection
	GlobalSection(ProjectConfigurationPlatforms) = postSolution
		{56805463-6908-4C17-A97A-D8247A4EF877}.Debug|Any CPU.ActiveCfg = Debug|Any CPU
		{56805463-6908-4C17-A97A-D8247A4EF877}.Debug|Any CPU.Build.0 = Debug|Any CPU
		{56805463-6908-4C17-A97A-D8247A4EF877}.Release|Any CPU.ActiveCfg = Release|Any CPU
		{56805463-6908-4C17-A97A-D8247A4EF877}.Release|Any CPU.Build.0 = Release|Any CPU
	EndGlobalSection
	GlobalSection(SolutionProperties) = preSolution
		HideSolutionNode = FALSE
	EndGlobalSection
	GlobalSection(ExtensibilityGlobals) = postSolution
		SolutionGuid = {C08118CB-534B-4B53-9A13-4DCA2D9722DE}
	EndGlobalSection
EndGlobal
